
Microsoft Visual Studio Solution File, Format Version 12.00
# Visual Studio Version 17
VisualStudioVersion = 17.4.33213.308
MinimumVisualStudioVersion = 10.0.40219.1
Project("{FAE04EC0-301F-11D3-BF4B-00C04F79EFBC}") = "Dewey Decimal System2", "Dewey Decimal System2\Dewey Decimal System2.csproj", "{EBBC7DCD-F6C0-438E-9C5C-60F70DEBE169}"
EndProject
Global
	GlobalSection(SolutionConfigurationPlatforms) = preSolution
		Debug|Any CPU = Debug|Any CPU
		Release|Any CPU = Release|Any CPU
	EndGlobalSection
	GlobalSection(ProjectConfigurationPlatforms) = postSolution
		{EBBC7DCD-F6C0-438E-9C5C-60F70DEBE169}.Debug|Any CPU.ActiveCfg = Debug|Any CPU
		{EBBC7DCD-F6C0-438E-9C5C-60F70DEBE169}.Debug|Any CPU.Build.0 = Debug|Any CPU
		{EBBC7DCD-F6C0-438E-9C5C-60F70DEBE169}.Release|Any CPU.ActiveCfg = Release|Any CPU
		{EBBC7DCD-F6C0-438E-9C5C-60F70DEBE169}.Release|Any CPU.Build.0 = Release|Any CPU
	EndGlobalSection
	GlobalSection(SolutionProperties) = preSolution
		HideSolutionNode = FALSE
	EndGlobalSection
	GlobalSection(ExtensibilityGlobals) = postSolution
		SolutionGuid = {B3E0A2BD-A327-415C-8BCB-02D81CC38C04}
	EndGlobalSection
EndGlobal
